
Microsoft Visual Studio Solution File, Format Version 11.00
# Visual Studio 2010
Project("{FAE04EC0-301F-11D3-BF4B-00C04F79EFBC}") = "MagicSoftware.Common.Controls.Table", "MagicSoftware.Common.Controls.DataGrid\MagicSoftware.Common.Controls.Table.csproj", "{C3C28FAF-DFE9-4DB3-A021-881EE6939633}"
EndProject
Project("{FAE04EC0-301F-11D3-BF4B-00C04F79EFBC}") = "_DGTester", "_DGTester\_DGTester.csproj", "{86336AA2-D4B3-4BC6-82C8-0BB44005D809}"
EndProject
Project("{FAE04EC0-301F-11D3-BF4B-00C04F79EFBC}") = "MagicSoftware.Common.Controls.Extensibility", "MagicSoftware.Common.Controls.Extensibility\MagicSoftware.Common.Controls.Extensibility.csproj", "{44B6574A-5DE1-41E9-BC71-78427A7A8C44}"
EndProject
Project("{FAE04EC0-301F-11D3-BF4B-00C04F79EFBC}") = "z_Exp_CurrentChangingAttachedEvent", "z_Exp_CurrentChangingAttachedEvent\z_Exp_CurrentChangingAttachedEvent.csproj", "{7CE2FCF9-BF68-41E0-85B2-AA6A85A72065}"
EndProject
Project("{FAE04EC0-301F-11D3-BF4B-00C04F79EFBC}") = "Tests.TableControl", "Tests.TableControl\Tests.TableControl.csproj", "{DB45DC60-5E68-4949-822C-B19D2BAB4145}"
EndProject
Project("{2150E333-8FDC-42A3-9474-1A3956D46DE8}") = "Solution Items", "Solution Items", "{5EF91C4D-5BEB-4410-8C92-8F2905B89B91}"
	ProjectSection(SolutionItems) = preProject
		Local.testsettings = Local.testsettings
		TableControl.vsmdi = TableControl.vsmdi
		TraceAndTestImpact.testsettings = TraceAndTestImpact.testsettings
	EndProjectSection
EndProject
Project("{FAE04EC0-301F-11D3-BF4B-00C04F79EFBC}") = "LogicEditorTester", "..\LogicEditorTester\LogicEditorTester\LogicEditorTester.csproj", "{32C40BE0-60E9-4007-BD2B-66878DE9979B}"
EndProject
Global
	GlobalSection(TestCaseManagementSettings) = postSolution
		CategoryFile = TableControl.vsmdi
	EndGlobalSection
	GlobalSection(SolutionConfigurationPlatforms) = preSolution
		Debug|Any CPU = Debug|Any CPU
		Debug|Mixed Platforms = Debug|Mixed Platforms
		Debug|x86 = Debug|x86
		Release|Any CPU = Release|Any CPU
		Release|Mixed Platforms = Release|Mixed Platforms
		Release|x86 = Release|x86
	EndGlobalSection
	GlobalSection(ProjectConfigurationPlatforms) = postSolution
		{C3C28FAF-DFE9-4DB3-A021-881EE6939633}.Debug|Any CPU.ActiveCfg = Debug|Any CPU
		{C3C28FAF-DFE9-4DB3-A021-881EE6939633}.Debug|Any CPU.Build.0 = Debug|Any CPU
		{C3C28FAF-DFE9-4DB3-A021-881EE6939633}.Debug|Mixed Platforms.ActiveCfg = Debug|Any CPU
		{C3C28FAF-DFE9-4DB3-A021-881EE6939633}.Debug|Mixed Platforms.Build.0 = Debug|Any CPU
		{C3C28FAF-DFE9-4DB3-A021-881EE6939633}.Debug|x86.ActiveCfg = Debug|Any CPU
		{C3C28FAF-DFE9-4DB3-A021-881EE6939633}.Release|Any CPU.ActiveCfg = Release|Any CPU
		{C3C28FAF-DFE9-4DB3-A021-881EE6939633}.Release|Any CPU.Build.0 = Release|Any CPU
		{C3C28FAF-DFE9-4DB3-A021-881EE6939633}.Release|Mixed Platforms.ActiveCfg = Release|Any CPU
		{C3C28FAF-DFE9-4DB3-A021-881EE6939633}.Release|Mixed Platforms.Build.0 = Release|Any CPU
		{C3C28FAF-DFE9-4DB3-A021-881EE6939633}.Release|x86.ActiveCfg = Release|Any CPU
		{86336AA2-D4B3-4BC6-82C8-0BB44005D809}.Debug|Any CPU.ActiveCfg = Debug|x86
		{86336AA2-D4B3-4BC6-82C8-0BB44005D809}.Debug|Mixed Platforms.ActiveCfg = Debug|x86
		{86336AA2-D4B3-4BC6-82C8-0BB44005D809}.Debug|Mixed Platforms.Build.0 = Debug|x86
		{86336AA2-D4B3-4BC6-82C8-0BB44005D809}.Debug|x86.ActiveCfg = Debug|x86
		{86336AA2-D4B3-4BC6-82C8-0BB44005D809}.Debug|x86.Build.0 = Debug|x86
		{86336AA2-D4B3-4BC6-82C8-0BB44005D809}.Release|Any CPU.ActiveCfg = Release|x86
		{86336AA2-D4B3-4BC6-82C8-0BB44005D809}.Release|Mixed Platforms.ActiveCfg = Release|x86
		{86336AA2-D4B3-4BC6-82C8-0BB44005D809}.Release|Mixed Platforms.Build.0 = Release|x86
		{86336AA2-D4B3-4BC6-82C8-0BB44005D809}.Release|x86.ActiveCfg = Release|x86
		{86336AA2-D4B3-4BC6-82C8-0BB44005D809}.Release|x86.Build.0 = Release|x86
		{44B6574A-5DE1-41E9-BC71-78427A7A8C44}.Debug|Any CPU.ActiveCfg = Debug|Any CPU
		{44B6574A-5DE1-41E9-BC71-78427A7A8C44}.Debug|Any CPU.Build.0 = Debug|Any CPU
		{44B6574A-5DE1-41E9-BC71-78427A7A8C44}.Debug|Mixed Platforms.ActiveCfg = Debug|Any CPU
		{44B6574A-5DE1-41E9-BC71-78427A7A8C44}.Debug|Mixed Platforms.Build.0 = Debug|Any CPU
		{44B6574A-5DE1-41E9-BC71-78427A7A8C44}.Debug|x86.ActiveCfg = Debug|Any CPU
		{44B6574A-5DE1-41E9-BC71-78427A7A8C44}.Release|Any CPU.ActiveCfg = Release|Any CPU
		{44B6574A-5DE1-41E9-BC71-78427A7A8C44}.Release|Any CPU.Build.0 = Release|Any CPU
		{44B6574A-5DE1-41E9-BC71-78427A7A8C44}.Release|Mixed Platforms.ActiveCfg = Release|Any CPU
		{44B6574A-5DE1-41E9-BC71-78427A7A8C44}.Release|Mixed Platforms.Build.0 = Release|Any CPU
		{44B6574A-5DE1-41E9-BC71-78427A7A8C44}.Release|x86.ActiveCfg = Release|Any CPU
		{7CE2FCF9-BF68-41E0-85B2-AA6A85A72065}.Debug|Any CPU.ActiveCfg = Debug|x86
		{7CE2FCF9-BF68-41E0-85B2-AA6A85A72065}.Debug|Mixed Platforms.ActiveCfg = Debug|x86
		{7CE2FCF9-BF68-41E0-85B2-AA6A85A72065}.Debug|Mixed Platforms.Build.0 = Debug|x86
		{7CE2FCF9-BF68-41E0-85B2-AA6A85A72065}.Debug|x86.ActiveCfg = Debug|x86
		{7CE2FCF9-BF68-41E0-85B2-AA6A85A72065}.Debug|x86.Build.0 = Debug|x86
		{7CE2FCF9-BF68-41E0-85B2-AA6A85A72065}.Release|Any CPU.ActiveCfg = Release|x86
		{7CE2FCF9-BF68-41E0-85B2-AA6A85A72065}.Release|Mixed Platforms.ActiveCfg = Release|x86
		{7CE2FCF9-BF68-41E0-85B2-AA6A85A72065}.Release|Mixed Platforms.Build.0 = Release|x86
		{7CE2FCF9-BF68-41E0-85B2-AA6A85A72065}.Release|x86.ActiveCfg = Release|x86
		{7CE2FCF9-BF68-41E0-85B2-AA6A85A72065}.Release|x86.Build.0 = Release|x86
		{DB45DC60-5E68-4949-822C-B19D2BAB4145}.Debug|Any CPU.ActiveCfg = Debug|Any CPU
		{DB45DC60-5E68-4949-822C-B19D2BAB4145}.Debug|Any CPU.Build.0 = Debug|Any CPU
		{DB45DC60-5E68-4949-822C-B19D2BAB4145}.Debug|Mixed Platforms.ActiveCfg = Debug|Any CPU
		{DB45DC60-5E68-4949-822C-B19D2BAB4145}.Debug|Mixed Platforms.Build.0 = Debug|Any CPU
		{DB45DC60-5E68-4949-822C-B19D2BAB4145}.Debug|x86.ActiveCfg = Debug|Any CPU
		{DB45DC60-5E68-4949-822C-B19D2BAB4145}.Release|Any CPU.ActiveCfg = Release|Any CPU
		{DB45DC60-5E68-4949-822C-B19D2BAB4145}.Release|Any CPU.Build.0 = Release|Any CPU
		{DB45DC60-5E68-4949-822C-B19D2BAB4145}.Release|Mixed Platforms.ActiveCfg = Release|Any CPU
		{DB45DC60-5E68-4949-822C-B19D2BAB4145}.Release|Mixed Platforms.Build.0 = Release|Any CPU
		{DB45DC60-5E68-4949-822C-B19D2BAB4145}.Release|x86.ActiveCfg = Release|Any CPU
		{32C40BE0-60E9-4007-BD2B-66878DE9979B}.Debug|Any CPU.ActiveCfg = Debug|x86
		{32C40BE0-60E9-4007-BD2B-66878DE9979B}.Debug|Mixed Platforms.ActiveCfg = Debug|x86
		{32C40BE0-60E9-4007-BD2B-66878DE9979B}.Debug|x86.ActiveCfg = Debug|x86
		{32C40BE0-60E9-4007-BD2B-66878DE9979B}.Debug|x86.Build.0 = Debug|x86
		{32C40BE0-60E9-4007-BD2B-66878DE9979B}.Release|Any CPU.ActiveCfg = Release|x86
		{32C40BE0-60E9-4007-BD2B-66878DE9979B}.Release|Mixed Platforms.ActiveCfg = Release|x86
		{32C40BE0-60E9-4007-BD2B-66878DE9979B}.Release|Mixed Platforms.Build.0 = Release|x86
		{32C40BE0-60E9-4007-BD2B-66878DE9979B}.Release|x86.ActiveCfg = Release|x86
		{32C40BE0-60E9-4007-BD2B-66878DE9979B}.Release|x86.Build.0 = Release|x86
	EndGlobalSection
	GlobalSection(SolutionProperties) = preSolution
		HideSolutionNode = FALSE
	EndGlobalSection
EndGlobal
